github.com/bitrise-io/bitrise v0.0.0-20190611131411-f7458dd6a6c5 h1:2YXY8YAGj2V1LfY56jI2++W0hGiFzSe4OjqexF1f62E=
github.com/bitrise-io/bitrise v0.0.0-20190611131411-f7458dd6a6c5/go.mod h1:+8ruIdZ7mWWfrd/Of38jmN50x6Y80H7SMmwf78HhBno=
github.com/bitrise-io/bitrise-init v0.0.0-20191106162130-d427aaa58574 h1:EKKzBH8FjaUIVUSmOGhP3LY3NIkWVlPpcDx+vTTGgXw=
github.com/bitrise-io/bitrise-init v0.0.0-20191106162130-d427aaa58574/go.mod h1:6tVeJwc47w4nYwexFkYLRwQ2gUnfL568ySfMTLBsONo=
github.com/bitrise-io/envman v0.0.0-20191008123703-a82637cf13cc h1:56FhxJ8E1dFBrDjaoHAiL18fYkWDSl30lNvctDjHOAI=
github.com/bitrise-io/envman v0.0.0-20191008123703-a82637cf13cc/go.mod h1:m8pTp1o3Sw9uzDxb1WRm5IBRnMau2iOvPMSnRCAhQNI=
github.com/bitrise-io/go-steputils v0.0.0-20191108114135-3c98d95a94d5 h1:LeZ9Vk9BAamyeXXltBOxQTwpMPQIAWxeA0kYIIgNcss=
github.com/bitrise-io/go-steputils v0.0.0-20191108114135-3c98d95a94d5/go.mod h1:GXgBV3Frd3qcnsg+NryQTyx1CHjZHr/2w7Bx4WAcB4o=
github.com/bitrise-io/go-utils v0.0.0-20191108114511-5067a2a682f2 h1:8tMyx5oOXSeVEG5VCxfLmwcqYEApVHKn/y6vU7an1Z8=
github.com/bitrise-io/go-utils v0.0.0-20191108114511-5067a2a682f2/go.mod h1:Pp48eQd8BSNEzWWTBxdFUd/ufS5b5Bgkmt9D5NedjWg=
github.com/bitrise-io/go-xcode v0.0.0-20191009125050-19cbfe6430ac h1:WUkWChSEvWy4kD0qZDlqhOLgFytpvd9OXix1R5Bl020=
github.com/bitrise-io/go-xcode v0.0.0-20191009125050-19cbfe6430ac/go.mod h1:EFvdJln2CESNPSz2+ChAGOtfHNN/l56csk1nuRnz8nI=
github.com/bitrise-io/stepman v0.0.0-20191008120510-5243f5feb136 h1:DY2quj50fKb99lK0+plYAbpuYssgah055EUkSps1TmQ=
github.com/bitrise-io/stepman v0.0.0-20191008120510-5243f5feb136/go.mod h1:hGCjd8leP411yt5QkQi+VBNWGxIZ4H02LNIVeKBeMUk=
github.com/bitrise-io/xcode-project v0.0.0-20191004122952-a4e01d69cacc h1:4FWCIVKcwNYmGYEhiAhIi/GPOT95lI8PuUGA22SbSuw=
github.com/bitrise-io/xcode-project v0.0.0-20191004122952-a4e01d69cacc/go.mod h1:L7ue7ix2GIAf0pQovKmWub7l956nsHU68kk5fU4KczQ=
github.com/davecgh/go-spew v1.1.0/go.mod h1:J7Y8YcW2NihsgmVo/mv3lAwl/skON4iLHjSsI+c5H38=
github.com/davecgh/go-spew v1.1.1 h1:vj9j/u1bqnvCEfJOwUhtlOARqs3+rkHYY13jYWTU97c=
github.com/davecgh/go-spew v1.1.1/go.mod h1:J7Y8YcW2NihsgmVo/mv3lAwl/skON4iLHjSsI+c5H38=
github.com/google/go-cmp v0.5.5 h1:Khx7svrCpmxxtHBq5j2mp/xVjsi8hQMfNLvJFAlrGgU=
github.com/google/go-cmp v0.5.5/go.mod h1:v8dTdLbMG2kIc/vJvl+f65V22dbkXbowE6jgT/gNBxE=
github.com/jessevdk/go-flags v1.4.0/go.mod h1:4FA24M0QyGHXBuZZK/XkWh8h0e1EYbRYJSGM75WSRxI=
github.com/kr/pretty v0.1.0 h1:L/CwN0zerZDmRFUapSPitk6f+Q3+0za1rQkzVuMiMFI=
github.com/kr/pretty v0.1.0/go.mod h1:dAy3ld7l9f0ibDNOQOHHMYYIIbhfbHSm3C4ZsoJORNo=
github.com/kr/pty v1.1.1/go.mod h1:pFQYn66WHrOpPYNljwOMqo10TkYh1fy3cYio2l3bCsQ=
github.com/kr/text v0.1.0 h1:45sCR5RtlFHMR4UwH9sdQ5TC8v0qDQCHnXt+kaKSTVE=
github.com/kr/text v0.1.0/go.mod h1:4Jbv+DJW3UT/LiOwJeYQe1efqtUx/iVham/4vfdArNI=
github.com/pkg/errors v0.8.1 h1:iURUrRGxPUNPdy5/HRSm+Yj6okJ6UtLINN0Q9M4+h3I=
github.com/pkg/errors v0.8.1/go.mod h1:bwawxfHBFNV+L2hUp1rHADufV3IMtnDRdf1r5NINEl0=
github.com/pmezard/go-difflib v1.0.0 h1:4DBwDE0NGyQoBHbLQYPwSUPoCMWR5BEzIk/f1lZbAQM=
github.com/pmezard/go-difflib v1.0.0/go.mod h1:iKH77koFhYxTK1pcRnkKkqfTogsbg7gZNVY4sRDYZ/4=
github.com/ryanuber/go-glob v1.0.0 h1:iQh3xXAumdQ+4Ufa5b25cRpC5TYKlno6hsv6Cb3pkBk=
github.com/ryanuber/go-glob v1.0.0/go.mod h1:807d1WSdnB0XRJzKNil9Om6lcp/3a0v4qIHxIXzX/Yc=
github.com/stretchr/objx v0.1.0/go.mod h1:HFkY916IF+rwdDfMAkV7OtwuqBVzrE8GR6GFx+wExME=
github.com/stretchr/testify v1.4.0 h1:2E4SXV/wtOkTonXsotYi4li6zVWxYlZuYNCXe9XRJyk=
github.com/stretchr/testify v1.4.0/go.mod h1:j7eGeouHqKxXV5pUuKE4zz7dFj8WfuZ+81PSLYec5m4=
golang.org/x/text v0.3.2 h1:tW2bmiBqwgJj/UpqtC8EpXEZVYOwU0yG4iWbprSVAcs=
golang.org/x/text v0.3.2/go.mod h1:bEr9sfX3Q8Zfm5fL9x+3itogRgK3+ptLWKqgva+5dAk=
golang.org/x/tools v0.0.0-20180917221912-90fa682c2a6e/go.mod h1:n7NCudcB/nEzxVGmLbDWY5pfWTLqBcC2KZ6jyYvM4mQ=
golang.org/x/xerrors v0.0.0-20191204190536-9bdfabe68543/go.mod h1:I/5z698sn9Ka8TeJc9MKroUUfqBBauWjQqLJ2OPfmY0=
gopkg.in/check.v1 v0.0.0-20161208181325-20d25e280405/go.mod h1:Co6ibVJAznAaIkqp8huTwlJQCZ016jof/cbN4VW5Yz0=
gopkg.in/check.v1 v1.0.0-20180628173108-788fd7840127 h1:qIbj1fsPNlZgppZ+VLlY7N33q108Sa+fhmuc+sWQYwY=
gopkg.in/check.v1 v1.0.0-20180628173108-788fd7840127/go.mod h1:Co6ibVJAznAaIkqp8huTwlJQCZ016jof/cbN4VW5Yz0=
gopkg.in/yaml.v2 v2.2.1/go.mod h1:hI93XBmqTisBFMUTm0b8Fm+jr3Dg1NNxqwp+5A1VGuI=
gopkg.in/yaml.v2 v2.2.2/go.mod h1:hI93XBmqTisBFMUTm0b8Fm+jr3Dg1NNxqwp+5A1VGuI=
gopkg.in/yaml.v2 v2.2.5 h1:ymVxjfMaHvXD8RqPRmzHHsB3VvucivSkIAvJFDI5O3c=
gopkg.in/yaml.v2 v2.2.5/go.mod h1:hI93XBmqTisBFMUTm0b8Fm+jr3Dg1NNxqwp+5A1VGuI=
howett.net/plist v0.0.0-20181124034731-591f970eefbb h1:jhnBjNi9UFpfpl8YZhA9CrOqpnJdvzuiHsl/dnxl11M=
howett.net/plist v0.0.0-20181124034731-591f970eefbb/go.mod h1:vMygbs4qMhSZSc4lCUl2OEE+rDiIIJAIdR4m7MiMcm0=
