# This file is autogenerated, do not edit; changes may be undone by the next 'dep ensure'.


[[projects]]
  digest = "1:f006631e21e1ebecc5bd025f272197c6d1ee0102bc46006cf2e527b57be5e884"
  name = "github.com/bitrise-io/bitrise"
  packages = ["models"]
  pruneopts = "UT"
  revision = "f7458dd6a6c5612fd3e92ab021fb7f18a7d0abc4"
  version = "1.31.0"

[[projects]]
  branch = "master"
  digest = "1:7cdbfff9fc811df9d709292857dca7f656052fdee4fbc280490a665b162de6ce"
  name = "github.com/bitrise-io/bitrise-init"
  packages = [
    "models",
    "scanners/ios",
    "scanners/xamarin",
    "steps",
    "utility",
  ]
  pruneopts = "UT"
  revision = "d427aaa58574173a85922dddf5533a0052e1b764"

[[projects]]
  branch = "master"
  digest = "1:4e1c0cc22c53c5ebda9bd380afd5b56a2f1fc9e6fd2eed59ab8ba0c1522eee19"
  name = "github.com/bitrise-io/envman"
  packages = ["models"]
  pruneopts = "UT"
  revision = "a82637cf13cc2bd0d61e8660aa269ce43c73a92e"

[[projects]]
  branch = "master"
  digest = "1:594d51ad1ed8d44086145528a32b5e403c43195c0b236a2f6e116e00baa2c0eb"
  name = "github.com/bitrise-io/go-steputils"
  packages = [
    "cache",
    "tools",
  ]
  pruneopts = "UT"
  revision = "3c98d95a94d51624a26e99419d0fc03d2aab0055"

[[projects]]
  branch = "master"
  digest = "1:45290b5e7baba7e12e25d3b987e69b74cb359b39f12a60aae7db9442f6303e84"
  name = "github.com/bitrise-io/go-utils"
  packages = [
    "colorstring",
    "command",
    "command/gems",
    "command/rubycommand",
    "command/rubyscript",
    "errorutil",
    "fileutil",
    "log",
    "parseutil",
    "pathutil",
    "pointers",
    "sliceutil",
  ]
  pruneopts = "UT"
  revision = "5067a2a682f21030f379f88e853b9e0734a24516"

[[projects]]
  branch = "master"
  digest = "1:3060b1a20d5eccc02b4dcf61127258fb3ca0070b3386d4326907417164a9bcdd"
  name = "github.com/bitrise-io/go-xcode"
  packages = [
    "plistutil",
    "xcodeproj",
  ]
  pruneopts = "UT"
  revision = "19cbfe6430acc193d779847a13be0b8585d866c1"

[[projects]]
  branch = "master"
  digest = "1:a31f5ffeb3ba940633762768571321abb47b57bc48c0551fc0e3d7aff3564770"
  name = "github.com/bitrise-io/stepman"
  packages = ["models"]
  pruneopts = "UT"
  revision = "5243f5feb13656285d1de3dc05bd5f3cd54d38b7"

[[projects]]
  branch = "master"
  digest = "1:5dd11cd7c4bb3f4105bb3e27e37b58955b6b64aa63ae18f21e0cc5e5d169e8db"
  name = "github.com/bitrise-io/xcode-project"
  packages = [
    "pretty",
    "serialized",
    "xcodebuild",
    "xcodeproj",
    "xcscheme",
  ]
  pruneopts = "UT"
  revision = "a4e01d69cacc7dd9acbe8fb987dba69c9ce01b1c"

[[projects]]
  digest = "1:ffe9824d294da03b391f44e1ae8281281b4afc1bdaa9588c9097785e3af10cec"
  name = "github.com/davecgh/go-spew"
  packages = ["spew"]
  pruneopts = "UT"
  revision = "8991bc29aa16c548c550c7ff78260e27b9ab7c73"
  version = "v1.1.1"

[[projects]]
  digest = "1:cf31692c14422fa27c83a05292eb5cbe0fb2775972e8f1f8446a71549bd8980b"
  name = "github.com/pkg/errors"
  packages = ["."]
  pruneopts = "UT"
  revision = "ba968bfe8b2f7e042a574c888954fccecfa385b4"
  version = "v0.8.1"

[[projects]]
  digest = "1:0028cb19b2e4c3112225cd871870f2d9cf49b9b4276531f03438a88e94be86fe"
  name = "github.com/pmezard/go-difflib"
  packages = ["difflib"]
  pruneopts = "UT"
  revision = "792786c7400a136282c1664665ae0a8db921c6c2"
  version = "v1.0.0"

[[projects]]
  branch = "master"
  digest = "1:6baa565fe16f8657cf93469b2b8a6c61a277827734400d27e44d589547297279"
  name = "github.com/ryanuber/go-glob"
  packages = ["."]
  pruneopts = "UT"
  revision = "51a8f68e6c24dc43f1e371749c89a267de4ebc53"

[[projects]]
  digest = "1:99d32780e5238c2621fff621123997c3e3cca96db8be13179013aea77dfab551"
  name = "github.com/stretchr/testify"
  packages = [
    "assert",
    "require",
  ]
  pruneopts = "UT"
  revision = "221dbe5ed46703ee255b1da0dec05086f5035f62"
  version = "v1.4.0"

[[projects]]
  digest = "1:1093f2eb4b344996604f7d8b29a16c5b22ab9e1b25652140d3fede39f640d5cd"
  name = "golang.org/x/text"
  packages = [
    "internal/gen",
    "internal/triegen",
    "internal/ucd",
    "transform",
    "unicode/cldr",
    "unicode/norm",
  ]
  pruneopts = "UT"
  revision = "342b2e1fbaa52c93f31447ad2c6abc048c63e475"
  version = "v0.3.2"

[[projects]]
  digest = "1:f26a5d382387e03a40d1471dddfba85dfff9bf05352d7e42d37612677c4d3c5c"
  name = "gopkg.in/yaml.v2"
  packages = ["."]
  pruneopts = "UT"
  revision = "f90ceb4f409096b60e2e9076b38b304b8246e5fa"
  version = "v2.2.5"

[[projects]]
  branch = "master"
  digest = "1:c10265d5a71326618d37e97169eddb3582f78e8ac7dcf87403b4cf619efd519a"
  name = "howett.net/plist"
  packages = ["."]
  pruneopts = "UT"
  revision = "591f970eefbbeb04d7b37f334a0c4c3256e32876"

[solve-meta]
  analyzer-name = "dep"
  analyzer-version = 1
  input-imports = [
    "github.com/bitrise-io/bitrise-init/scanners/ios",
    "github.com/bitrise-io/bitrise-init/utility",
    "github.com/bitrise-io/go-steputils/cache",
    "github.com/bitrise-io/go-utils/command/gems",
    "github.com/bitrise-io/go-utils/command/rubycommand",
    "github.com/bitrise-io/go-utils/fileutil",
    "github.com/bitrise-io/go-utils/log",
    "github.com/bitrise-io/go-utils/pathutil",
    "github.com/pkg/errors",
    "github.com/stretchr/testify/require",
  ]
  solver-name = "gps-cdcl"
  solver-version = 1
