# This file is autogenerated, do not edit; changes may be undone by the next 'dep ensure'.


[[projects]]
  digest = "1:f006631e21e1ebecc5bd025f272197c6d1ee0102bc46006cf2e527b57be5e884"
  name = "github.com/bitrise-io/bitrise"
  packages = ["models"]
  pruneopts = "UT"
  revision = "f7458dd6a6c5612fd3e92ab021fb7f18a7d0abc4"
  version = "1.31.0"

[[projects]]
  branch = "master"
  digest = "1:d0bf77d82fe5a917fbe990c19b0fe5bc07e171a7cbb4c93a44b22b92023fd1fd"
  name = "github.com/bitrise-io/bitrise-init"
  packages = [
    "models",
    "scanners/ios",
    "scanners/xamarin",
    "steps",
    "utility",
  ]
  pruneopts = "UT"
  revision = "897d749bb1bcdfb1c84f53f81462aa9bfcb743e8"

[[projects]]
  branch = "master"
  digest = "1:4e1c0cc22c53c5ebda9bd380afd5b56a2f1fc9e6fd2eed59ab8ba0c1522eee19"
  name = "github.com/bitrise-io/envman"
  packages = ["models"]
  pruneopts = "UT"
  revision = "eb2e53257e527de59351cec1ecdffb50dadd5a07"

[[projects]]
  branch = "master"
  digest = "1:659157c334882ba37fe50584d691ea469fb6e708a49e81dcd4381fef6ba611b0"
  name = "github.com/bitrise-io/go-steputils"
  packages = ["tools"]
  pruneopts = "UT"
  revision = "cecc766da84859e37e780d9d1c416f0f3993e6b1"

[[projects]]
  branch = "TOOL-494-bundler-commands"
  digest = "1:0acb886a6fb308eca2d6e5e3becda98c16ab04f1487a6f5c26092877cb4e7430"
  name = "github.com/bitrise-io/go-utils"
  packages = [
    "colorstring",
    "command",
    "command/gems",
    "command/rubycommand",
    "command/rubyscript",
    "errorutil",
    "fileutil",
    "log",
    "parseutil",
    "pathutil",
    "pointers",
    "sliceutil",
  ]
  pruneopts = "UT"
  revision = "bfe28523499dc19b8066a57f96c3ed89db5c6d50"

[[projects]]
  branch = "master"
  digest = "1:3060b1a20d5eccc02b4dcf61127258fb3ca0070b3386d4326907417164a9bcdd"
  name = "github.com/bitrise-io/go-xcode"
  packages = [
    "plistutil",
    "xcodeproj",
  ]
  pruneopts = "UT"
  revision = "c1544b4453f2869335f71fb53c0360bdb91d01b4"

[[projects]]
  branch = "master"
  digest = "1:a31f5ffeb3ba940633762768571321abb47b57bc48c0551fc0e3d7aff3564770"
  name = "github.com/bitrise-io/stepman"
  packages = ["models"]
  pruneopts = "UT"
  revision = "af0e468635253eaf3a66dca748af4a5966d161b1"

[[projects]]
  branch = "master"
  digest = "1:a35d42c66f8e5c1f1a29b247a312353eea1607512936d067d80126fcb38bc39f"
  name = "github.com/bitrise-io/xcode-project"
  packages = [
    "serialized",
    "xcodebuild",
    "xcodeproj",
    "xcscheme",
  ]
  pruneopts = "UT"
  revision = "5929ad85d89233b3296d2d795e068a656db7fb25"

[[projects]]
  branch = "master"
  digest = "1:aa5129361a557747c87fbc46cb79de001d0c026af913a2860372a3b90b48c22f"
  name = "github.com/bitrise-tools/go-steputils"
  packages = ["cache"]
  pruneopts = "UT"
  revision = "cecc766da84859e37e780d9d1c416f0f3993e6b1"

[[projects]]
  digest = "1:ffe9824d294da03b391f44e1ae8281281b4afc1bdaa9588c9097785e3af10cec"
  name = "github.com/davecgh/go-spew"
  packages = ["spew"]
  pruneopts = "UT"
  revision = "8991bc29aa16c548c550c7ff78260e27b9ab7c73"
  version = "v1.1.1"

[[projects]]
  digest = "1:cf31692c14422fa27c83a05292eb5cbe0fb2775972e8f1f8446a71549bd8980b"
  name = "github.com/pkg/errors"
  packages = ["."]
  pruneopts = "UT"
  revision = "ba968bfe8b2f7e042a574c888954fccecfa385b4"
  version = "v0.8.1"

[[projects]]
  digest = "1:0028cb19b2e4c3112225cd871870f2d9cf49b9b4276531f03438a88e94be86fe"
  name = "github.com/pmezard/go-difflib"
  packages = ["difflib"]
  pruneopts = "UT"
  revision = "792786c7400a136282c1664665ae0a8db921c6c2"
  version = "v1.0.0"

[[projects]]
  branch = "master"
  digest = "1:6baa565fe16f8657cf93469b2b8a6c61a277827734400d27e44d589547297279"
  name = "github.com/ryanuber/go-glob"
  packages = ["."]
  pruneopts = "UT"
  revision = "51a8f68e6c24dc43f1e371749c89a267de4ebc53"

[[projects]]
  digest = "1:5da8ce674952566deae4dbc23d07c85caafc6cfa815b0b3e03e41979cedb8750"
  name = "github.com/stretchr/testify"
  packages = [
    "assert",
    "require",
  ]
  pruneopts = "UT"
  revision = "ffdc059bfe9ce6a4e144ba849dbedead332c6053"
  version = "v1.3.0"

[[projects]]
  digest = "1:1093f2eb4b344996604f7d8b29a16c5b22ab9e1b25652140d3fede39f640d5cd"
  name = "golang.org/x/text"
  packages = [
    "internal/gen",
    "internal/triegen",
    "internal/ucd",
    "transform",
    "unicode/cldr",
    "unicode/norm",
  ]
  pruneopts = "UT"
  revision = "342b2e1fbaa52c93f31447ad2c6abc048c63e475"
  version = "v0.3.2"

[[projects]]
  digest = "1:4d2e5a73dc1500038e504a8d78b986630e3626dc027bc030ba5c75da257cdb96"
  name = "gopkg.in/yaml.v2"
  packages = ["."]
  pruneopts = "UT"
  revision = "51d6538a90f86fe93ac480b35f37b2be17fef232"
  version = "v2.2.2"

[[projects]]
  branch = "master"
  digest = "1:c10265d5a71326618d37e97169eddb3582f78e8ac7dcf87403b4cf619efd519a"
  name = "howett.net/plist"
  packages = ["."]
  pruneopts = "UT"
  revision = "591f970eefbbeb04d7b37f334a0c4c3256e32876"

[solve-meta]
  analyzer-name = "dep"
  analyzer-version = 1
  input-imports = [
    "github.com/bitrise-io/bitrise-init/scanners/ios",
    "github.com/bitrise-io/bitrise-init/utility",
    "github.com/bitrise-io/go-utils/command",
    "github.com/bitrise-io/go-utils/command/gems",
    "github.com/bitrise-io/go-utils/command/rubycommand",
    "github.com/bitrise-io/go-utils/fileutil",
    "github.com/bitrise-io/go-utils/log",
    "github.com/bitrise-io/go-utils/pathutil",
    "github.com/bitrise-tools/go-steputils/cache",
    "github.com/pkg/errors",
    "github.com/stretchr/testify/require",
  ]
  solver-name = "gps-cdcl"
  solver-version = 1
